
Microsoft Visual Studio Solution File, Format Version 12.00
# Visual Studio Version 16
VisualStudioVersion = 16.0.30907.101
MinimumVisualStudioVersion = 10.0.40219.1
Project("{E24C65DC-7377-472B-9ABA-BC803B73C61A}") = "TelerikWebApp1", "TelerikWebApp1\", "{50979B0B-38DB-4504-91BC-E01EC03A5C07}"
	ProjectSection(WebsiteProperties) = preProject
		TargetFrameworkMoniker = ".NETFramework,Version%3Dv4.7.2"
		Debug.AspNetCompiler.VirtualPath = "/localhost_52373"
		Debug.AspNetCompiler.PhysicalPath = "TelerikWebApp1\"
		Debug.AspNetCompiler.TargetPath = "PrecompiledWeb\localhost_52373\"
		Debug.AspNetCompiler.Updateable = "true"
		Debug.AspNetCompiler.ForceOverwrite = "true"
		Debug.AspNetCompiler.FixedNames = "false"
		Debug.AspNetCompiler.Debug = "True"
		Release.AspNetCompiler.VirtualPath = "/localhost_52373"
		Release.AspNetCompiler.PhysicalPath = "TelerikWebApp1\"
		Release.AspNetCompiler.TargetPath = "PrecompiledWeb\localhost_52373\"
		Release.AspNetCompiler.Updateable = "true"
		Release.AspNetCompiler.ForceOverwrite = "true"
		Release.AspNetCompiler.FixedNames = "false"
		Release.AspNetCompiler.Debug = "False"
		VWDPort = "52373"
		SlnRelativePath = "TelerikWebApp1\"
		DefaultWebSiteLanguage = "Visual C#"
	EndProjectSection
EndProject
Global
	GlobalSection(SolutionConfigurationPlatforms) = preSolution
		Debug|Any CPU = Debug|Any CPU
	EndGlobalSection
	GlobalSection(ProjectConfigurationPlatforms) = postSolution
		{50979B0B-38DB-4504-91BC-E01EC03A5C07}.Debug|Any CPU.ActiveCfg = Debug|Any CPU
		{50979B0B-38DB-4504-91BC-E01EC03A5C07}.Debug|Any CPU.Build.0 = Debug|Any CPU
	EndGlobalSection
	GlobalSection(SolutionProperties) = preSolution
		HideSolutionNode = FALSE
	EndGlobalSection
	GlobalSection(ExtensibilityGlobals) = postSolution
		SolutionGuid = {BDAD6027-2F97-405E-A47E-1D3C929DEFDE}
	EndGlobalSection
EndGlobal
